
Microsoft Visual Studio Solution File, Format Version 12.00
# Visual Studio 15
VisualStudioVersion = 15.0.26124.0
MinimumVisualStudioVersion = 15.0.26124.0
Project("{FAE04EC0-301F-11D3-BF4B-00C04F79EFBC}") = "ImporterConsoleApp", "ImporterConsoleApp\ImporterConsoleApp.csproj", "{0D9A12BF-27E5-4FE7-B42F-BD30EA11808B}"
EndProject
Project("{FAE04EC0-301F-11D3-BF4B-00C04F79EFBC}") = "ImporterService.Tests", "ImporterService.Tests\ImporterService.Tests.csproj", "{4A4F56CC-50B6-410A-B0E5-64036B926489}"
EndProject
Global
	GlobalSection(SolutionConfigurationPlatforms) = preSolution
		Debug|Any CPU = Debug|Any CPU
		Debug|x64 = Debug|x64
		Debug|x86 = Debug|x86
		Release|Any CPU = Release|Any CPU
		Release|x64 = Release|x64
		Release|x86 = Release|x86
	EndGlobalSection
	GlobalSection(SolutionProperties) = preSolution
		HideSolutionNode = FALSE
	EndGlobalSection
	GlobalSection(ProjectConfigurationPlatforms) = postSolution
		{0D9A12BF-27E5-4FE7-B42F-BD30EA11808B}.Debug|Any CPU.ActiveCfg = Debug|Any CPU
		{0D9A12BF-27E5-4FE7-B42F-BD30EA11808B}.Debug|Any CPU.Build.0 = Debug|Any CPU
		{0D9A12BF-27E5-4FE7-B42F-BD30EA11808B}.Debug|x64.ActiveCfg = Debug|Any CPU
		{0D9A12BF-27E5-4FE7-B42F-BD30EA11808B}.Debug|x64.Build.0 = Debug|Any CPU
		{0D9A12BF-27E5-4FE7-B42F-BD30EA11808B}.Debug|x86.ActiveCfg = Debug|Any CPU
		{0D9A12BF-27E5-4FE7-B42F-BD30EA11808B}.Debug|x86.Build.0 = Debug|Any CPU
		{0D9A12BF-27E5-4FE7-B42F-BD30EA11808B}.Release|Any CPU.ActiveCfg = Release|Any CPU
		{0D9A12BF-27E5-4FE7-B42F-BD30EA11808B}.Release|Any CPU.Build.0 = Release|Any CPU
		{0D9A12BF-27E5-4FE7-B42F-BD30EA11808B}.Release|x64.ActiveCfg = Release|Any CPU
		{0D9A12BF-27E5-4FE7-B42F-BD30EA11808B}.Release|x64.Build.0 = Release|Any CPU
		{0D9A12BF-27E5-4FE7-B42F-BD30EA11808B}.Release|x86.ActiveCfg = Release|Any CPU
		{0D9A12BF-27E5-4FE7-B42F-BD30EA11808B}.Release|x86.Build.0 = Release|Any CPU
		{4A4F56CC-50B6-410A-B0E5-64036B926489}.Debug|Any CPU.ActiveCfg = Debug|Any CPU
		{4A4F56CC-50B6-410A-B0E5-64036B926489}.Debug|Any CPU.Build.0 = Debug|Any CPU
		{4A4F56CC-50B6-410A-B0E5-64036B926489}.Debug|x64.ActiveCfg = Debug|Any CPU
		{4A4F56CC-50B6-410A-B0E5-64036B926489}.Debug|x64.Build.0 = Debug|Any CPU
		{4A4F56CC-50B6-410A-B0E5-64036B926489}.Debug|x86.ActiveCfg = Debug|Any CPU
		{4A4F56CC-50B6-410A-B0E5-64036B926489}.Debug|x86.Build.0 = Debug|Any CPU
		{4A4F56CC-50B6-410A-B0E5-64036B926489}.Release|Any CPU.ActiveCfg = Release|Any CPU
		{4A4F56CC-50B6-410A-B0E5-64036B926489}.Release|Any CPU.Build.0 = Release|Any CPU
		{4A4F56CC-50B6-410A-B0E5-64036B926489}.Release|x64.ActiveCfg = Release|Any CPU
		{4A4F56CC-50B6-410A-B0E5-64036B926489}.Release|x64.Build.0 = Release|Any CPU
		{4A4F56CC-50B6-410A-B0E5-64036B926489}.Release|x86.ActiveCfg = Release|Any CPU
		{4A4F56CC-50B6-410A-B0E5-64036B926489}.Release|x86.Build.0 = Release|Any CPU
	EndGlobalSection
EndGlobal
